
Microsoft Visual Studio Solution File, Format Version 12.00
# Visual Studio Version 17
VisualStudioVersion = 17.11.35222.181
MinimumVisualStudioVersion = 10.0.40219.1
Project("{FAE04EC0-301F-11D3-BF4B-00C04F79EFBC}") = "WpfApp3", "WpfApp3\WpfApp3.csproj", "{FA403FA9-97D2-4931-AFA6-1A52A977CADC}"
EndProject
Global
	GlobalSection(SolutionConfigurationPlatforms) = preSolution
		Debug|Any CPU = Debug|Any CPU
		Release|Any CPU = Release|Any CPU
	EndGlobalSection
	GlobalSection(ProjectConfigurationPlatforms) = postSolution
		{FA403FA9-97D2-4931-AFA6-1A52A977CADC}.Debug|Any CPU.ActiveCfg = Debug|Any CPU
		{FA403FA9-97D2-4931-AFA6-1A52A977CADC}.Debug|Any CPU.Build.0 = Debug|Any CPU
		{FA403FA9-97D2-4931-AFA6-1A52A977CADC}.Release|Any CPU.ActiveCfg = Release|Any CPU
		{FA403FA9-97D2-4931-AFA6-1A52A977CADC}.Release|Any CPU.Build.0 = Release|Any CPU
	EndGlobalSection
	GlobalSection(SolutionProperties) = preSolution
		HideSolutionNode = FALSE
	EndGlobalSection
	GlobalSection(ExtensibilityGlobals) = postSolution
		SolutionGuid = {C052B64D-A11A-4F89-9BBC-DF150D78DB1B}
	EndGlobalSection
EndGlobal
